
Microsoft Visual Studio Solution File, Format Version 12.00
# Visual Studio Version 16
VisualStudioVersion = 16.0.29613.14
MinimumVisualStudioVersion = 10.0.40219.1
Project("{FAE04EC0-301F-11D3-BF4B-00C04F79EFBC}") = "Torneio", "Torneio\Torneio.csproj", "{90DB0420-D497-472B-B3EF-084B5A622174}"
EndProject
Global
	GlobalSection(SolutionConfigurationPlatforms) = preSolution
		Debug|Any CPU = Debug|Any CPU
		Release|Any CPU = Release|Any CPU
	EndGlobalSection
	GlobalSection(ProjectConfigurationPlatforms) = postSolution
		{90DB0420-D497-472B-B3EF-084B5A622174}.Debug|Any CPU.ActiveCfg = Debug|Any CPU
		{90DB0420-D497-472B-B3EF-084B5A622174}.Debug|Any CPU.Build.0 = Debug|Any CPU
		{90DB0420-D497-472B-B3EF-084B5A622174}.Release|Any CPU.ActiveCfg = Release|Any CPU
		{90DB0420-D497-472B-B3EF-084B5A622174}.Release|Any CPU.Build.0 = Release|Any CPU
	EndGlobalSection
	GlobalSection(SolutionProperties) = preSolution
		HideSolutionNode = FALSE
	EndGlobalSection
	GlobalSection(ExtensibilityGlobals) = postSolution
		SolutionGuid = {D72AED49-A559-4021-8A2A-4F0B056E6355}
	EndGlobalSection
EndGlobal
